
Microsoft Visual Studio Solution File, Format Version 12.00
# Visual Studio Version 16
VisualStudioVersion = 16.0.34301.259
MinimumVisualStudioVersion = 10.0.40219.1
Project("{FAE04EC0-301F-11D3-BF4B-00C04F79EFBC}") = "ContactManager.Android", "ContactManager.Android\ContactManager.Android.csproj", "{D905C932-D423-44F6-921C-ACC6942A837B}"
EndProject
Project("{FAE04EC0-301F-11D3-BF4B-00C04F79EFBC}") = "ContactManager", "ContactManager\ContactManager.csproj", "{C872DE8C-0FF1-4D7F-B887-C0B7F3E889D8}"
EndProject
Global
	GlobalSection(SolutionConfigurationPlatforms) = preSolution
		Debug|Any CPU = Debug|Any CPU
		Release|Any CPU = Release|Any CPU
	EndGlobalSection
	GlobalSection(ProjectConfigurationPlatforms) = postSolution
		{D905C932-D423-44F6-921C-ACC6942A837B}.Debug|Any CPU.ActiveCfg = Debug|Any CPU
		{D905C932-D423-44F6-921C-ACC6942A837B}.Debug|Any CPU.Build.0 = Debug|Any CPU
		{D905C932-D423-44F6-921C-ACC6942A837B}.Debug|Any CPU.Deploy.0 = Debug|Any CPU
		{D905C932-D423-44F6-921C-ACC6942A837B}.Release|Any CPU.ActiveCfg = Release|Any CPU
		{D905C932-D423-44F6-921C-ACC6942A837B}.Release|Any CPU.Build.0 = Release|Any CPU
		{D905C932-D423-44F6-921C-ACC6942A837B}.Release|Any CPU.Deploy.0 = Release|Any CPU
		{C872DE8C-0FF1-4D7F-B887-C0B7F3E889D8}.Debug|Any CPU.ActiveCfg = Debug|Any CPU
		{C872DE8C-0FF1-4D7F-B887-C0B7F3E889D8}.Debug|Any CPU.Build.0 = Debug|Any CPU
		{C872DE8C-0FF1-4D7F-B887-C0B7F3E889D8}.Debug|Any CPU.Deploy.0 = Debug|Any CPU
		{C872DE8C-0FF1-4D7F-B887-C0B7F3E889D8}.Release|Any CPU.ActiveCfg = Release|Any CPU
		{C872DE8C-0FF1-4D7F-B887-C0B7F3E889D8}.Release|Any CPU.Build.0 = Release|Any CPU
		{C872DE8C-0FF1-4D7F-B887-C0B7F3E889D8}.Release|Any CPU.Deploy.0 = Release|Any CPU
	EndGlobalSection
	GlobalSection(SolutionProperties) = preSolution
		HideSolutionNode = FALSE
	EndGlobalSection
	GlobalSection(ExtensibilityGlobals) = postSolution
		SolutionGuid = {5766D56B-15AB-44E5-A684-0BF9B97D714C}
	EndGlobalSection
EndGlobal
